Microsoft Visual Studio Solution File, Format Version 11.00
# Visual Studio 2008

Project("{BD1213B6-12A9-A576-4B6D-4366CF94347E}") = "Classing test", "Assembly-CSharp.csproj", "{A92FA88E-EC16-E298-4B85-1C2465A2B63E}"
EndProject
Global
	GlobalSection(SolutionConfigurationPlatforms) = preSolution
		Debug|Any CPU = Debug|Any CPU
		Release|Any CPU = Release|Any CPU
	EndGlobalSection
	GlobalSection(ProjectConfigurationPlatforms) = postSolution
		{A92FA88E-EC16-E298-4B85-1C2465A2B63E}.Debug|Any CPU.ActiveCfg = Debug|Any CPU
		{A92FA88E-EC16-E298-4B85-1C2465A2B63E}.Debug|Any CPU.Build.0 = Debug|Any CPU
		{A92FA88E-EC16-E298-4B85-1C2465A2B63E}.Release|Any CPU.ActiveCfg = Release|Any CPU
		{A92FA88E-EC16-E298-4B85-1C2465A2B63E}.Release|Any CPU.Build.0 = Release|Any CPU
	EndGlobalSection
	GlobalSection(SolutionProperties) = preSolution
		HideSolutionNode = FALSE
	EndGlobalSection
	GlobalSection(MonoDevelopProperties) = preSolution
		StartupItem = Assembly-CSharp.csproj
	EndGlobalSection
EndGlobal
